
Microsoft Visual Studio Solution File, Format Version 12.00
# Visual Studio Version 16
VisualStudioVersion = 16.0.30517.126
MinimumVisualStudioVersion = 15.0.26124.0
Project("{2150E333-8FDC-42A3-9474-1A3956D46DE8}") = "src", "src", "{F95593DE-1BAE-4011-868B-DB25C2CBC20E}"
EndProject
Project("{9A19103F-16F7-4668-BE54-9A1E7A4F7556}") = "ProjectZen.BagImporter", "src\ProjectZen.BagImporter\ProjectZen.BagImporter.csproj", "{9C66E999-6B4A-4A37-A52D-A73A45A2B276}"
EndProject
Project("{9A19103F-16F7-4668-BE54-9A1E7A4F7556}") = "ProjectZen.Domain", "src\ProjectZen.Domain\ProjectZen.Domain.csproj", "{30C7929A-90B9-48DE-A435-FE1583299A18}"
EndProject
Project("{9A19103F-16F7-4668-BE54-9A1E7A4F7556}") = "ProjectZen", "src\ProjectZen\ProjectZen.csproj", "{D584F1CC-DE8D-401D-BB97-3ED7EF3999E8}"
EndProject
Project("{2150E333-8FDC-42A3-9474-1A3956D46DE8}") = "tests", "tests", "{45F06066-E5C2-4120-BBB6-773F16086FDA}"
EndProject
Project("{9A19103F-16F7-4668-BE54-9A1E7A4F7556}") = "ProjectZen.BagImporter.UnitTests", "tests\ProjectZen.BagImporter.UnitTests\ProjectZen.BagImporter.UnitTests.csproj", "{DA1DEF89-AFAE-47D9-B5EE-D2F4D342F1FB}"
EndProject
Project("{9A19103F-16F7-4668-BE54-9A1E7A4F7556}") = "ProjectZen.Domain.UnitTests", "tests\ProjectZen.Domain.UnitTests\ProjectZen.Domain.UnitTests.csproj", "{4A98BB71-EBB2-4F5B-9C3C-2FDA98936616}"
EndProject
Project("{FAE04EC0-301F-11D3-BF4B-00C04F79EFBC}") = "ProjectZen.TestHelpers", "tests\ProjectZen.TestHelpers\ProjectZen.TestHelpers.csproj", "{80A4A881-9B7A-4B13-97B0-B8C0FED5129D}"
EndProject
Project("{2150E333-8FDC-42A3-9474-1A3956D46DE8}") = "vendor", "vendor", "{D9638029-E06E-465B-B90A-FF931AAE08FE}"
EndProject
Project("{FAE04EC0-301F-11D3-BF4B-00C04F79EFBC}") = "Microsoft.Spatial", "vendor\Microsoft.Spatial\Microsoft.Spatial.csproj", "{A93742C5-B0AA-4ACA-B070-A6793BD810C7}"
EndProject
Global
	GlobalSection(SolutionConfigurationPlatforms) = preSolution
		Debug|Any CPU = Debug|Any CPU
		Debug|x64 = Debug|x64
		Debug|x86 = Debug|x86
		Release|Any CPU = Release|Any CPU
		Release|x64 = Release|x64
		Release|x86 = Release|x86
	EndGlobalSection
	GlobalSection(ProjectConfigurationPlatforms) = postSolution
		{9C66E999-6B4A-4A37-A52D-A73A45A2B276}.Debug|Any CPU.ActiveCfg = Debug|Any CPU
		{9C66E999-6B4A-4A37-A52D-A73A45A2B276}.Debug|Any CPU.Build.0 = Debug|Any CPU
		{9C66E999-6B4A-4A37-A52D-A73A45A2B276}.Debug|x64.ActiveCfg = Debug|Any CPU
		{9C66E999-6B4A-4A37-A52D-A73A45A2B276}.Debug|x64.Build.0 = Debug|Any CPU
		{9C66E999-6B4A-4A37-A52D-A73A45A2B276}.Debug|x86.ActiveCfg = Debug|Any CPU
		{9C66E999-6B4A-4A37-A52D-A73A45A2B276}.Debug|x86.Build.0 = Debug|Any CPU
		{9C66E999-6B4A-4A37-A52D-A73A45A2B276}.Release|Any CPU.ActiveCfg = Release|Any CPU
		{9C66E999-6B4A-4A37-A52D-A73A45A2B276}.Release|Any CPU.Build.0 = Release|Any CPU
		{9C66E999-6B4A-4A37-A52D-A73A45A2B276}.Release|x64.ActiveCfg = Release|Any CPU
		{9C66E999-6B4A-4A37-A52D-A73A45A2B276}.Release|x64.Build.0 = Release|Any CPU
		{9C66E999-6B4A-4A37-A52D-A73A45A2B276}.Release|x86.ActiveCfg = Release|Any CPU
		{9C66E999-6B4A-4A37-A52D-A73A45A2B276}.Release|x86.Build.0 = Release|Any CPU
		{30C7929A-90B9-48DE-A435-FE1583299A18}.Debug|Any CPU.ActiveCfg = Debug|Any CPU
		{30C7929A-90B9-48DE-A435-FE1583299A18}.Debug|Any CPU.Build.0 = Debug|Any CPU
		{30C7929A-90B9-48DE-A435-FE1583299A18}.Debug|x64.ActiveCfg = Debug|Any CPU
		{30C7929A-90B9-48DE-A435-FE1583299A18}.Debug|x64.Build.0 = Debug|Any CPU
		{30C7929A-90B9-48DE-A435-FE1583299A18}.Debug|x86.ActiveCfg = Debug|Any CPU
		{30C7929A-90B9-48DE-A435-FE1583299A18}.Debug|x86.Build.0 = Debug|Any CPU
		{30C7929A-90B9-48DE-A435-FE1583299A18}.Release|Any CPU.ActiveCfg = Release|Any CPU
		{30C7929A-90B9-48DE-A435-FE1583299A18}.Release|Any CPU.Build.0 = Release|Any CPU
		{30C7929A-90B9-48DE-A435-FE1583299A18}.Release|x64.ActiveCfg = Release|Any CPU
		{30C7929A-90B9-48DE-A435-FE1583299A18}.Release|x64.Build.0 = Release|Any CPU
		{30C7929A-90B9-48DE-A435-FE1583299A18}.Release|x86.ActiveCfg = Release|Any CPU
		{30C7929A-90B9-48DE-A435-FE1583299A18}.Release|x86.Build.0 = Release|Any CPU
		{D584F1CC-DE8D-401D-BB97-3ED7EF3999E8}.Debug|Any CPU.ActiveCfg = Debug|Any CPU
		{D584F1CC-DE8D-401D-BB97-3ED7EF3999E8}.Debug|Any CPU.Build.0 = Debug|Any CPU
		{D584F1CC-DE8D-401D-BB97-3ED7EF3999E8}.Debug|x64.ActiveCfg = Debug|Any CPU
		{D584F1CC-DE8D-401D-BB97-3ED7EF3999E8}.Debug|x64.Build.0 = Debug|Any CPU
		{D584F1CC-DE8D-401D-BB97-3ED7EF3999E8}.Debug|x86.ActiveCfg = Debug|Any CPU
		{D584F1CC-DE8D-401D-BB97-3ED7EF3999E8}.Debug|x86.Build.0 = Debug|Any CPU
		{D584F1CC-DE8D-401D-BB97-3ED7EF3999E8}.Release|Any CPU.ActiveCfg = Release|Any CPU
		{D584F1CC-DE8D-401D-BB97-3ED7EF3999E8}.Release|Any CPU.Build.0 = Release|Any CPU
		{D584F1CC-DE8D-401D-BB97-3ED7EF3999E8}.Release|x64.ActiveCfg = Release|Any CPU
		{D584F1CC-DE8D-401D-BB97-3ED7EF3999E8}.Release|x64.Build.0 = Release|Any CPU
		{D584F1CC-DE8D-401D-BB97-3ED7EF3999E8}.Release|x86.ActiveCfg = Release|Any CPU
		{D584F1CC-DE8D-401D-BB97-3ED7EF3999E8}.Release|x86.Build.0 = Release|Any CPU
		{DA1DEF89-AFAE-47D9-B5EE-D2F4D342F1FB}.Debug|Any CPU.ActiveCfg = Debug|Any CPU
		{DA1DEF89-AFAE-47D9-B5EE-D2F4D342F1FB}.Debug|Any CPU.Build.0 = Debug|Any CPU
		{DA1DEF89-AFAE-47D9-B5EE-D2F4D342F1FB}.Debug|x64.ActiveCfg = Debug|Any CPU
		{DA1DEF89-AFAE-47D9-B5EE-D2F4D342F1FB}.Debug|x64.Build.0 = Debug|Any CPU
		{DA1DEF89-AFAE-47D9-B5EE-D2F4D342F1FB}.Debug|x86.ActiveCfg = Debug|Any CPU
		{DA1DEF89-AFAE-47D9-B5EE-D2F4D342F1FB}.Debug|x86.Build.0 = Debug|Any CPU
		{DA1DEF89-AFAE-47D9-B5EE-D2F4D342F1FB}.Release|Any CPU.ActiveCfg = Release|Any CPU
		{DA1DEF89-AFAE-47D9-B5EE-D2F4D342F1FB}.Release|Any CPU.Build.0 = Release|Any CPU
		{DA1DEF89-AFAE-47D9-B5EE-D2F4D342F1FB}.Release|x64.ActiveCfg = Release|Any CPU
		{DA1DEF89-AFAE-47D9-B5EE-D2F4D342F1FB}.Release|x64.Build.0 = Release|Any CPU
		{DA1DEF89-AFAE-47D9-B5EE-D2F4D342F1FB}.Release|x86.ActiveCfg = Release|Any CPU
		{DA1DEF89-AFAE-47D9-B5EE-D2F4D342F1FB}.Release|x86.Build.0 = Release|Any CPU
		{4A98BB71-EBB2-4F5B-9C3C-2FDA98936616}.Debug|Any CPU.ActiveCfg = Debug|Any CPU
		{4A98BB71-EBB2-4F5B-9C3C-2FDA98936616}.Debug|Any CPU.Build.0 = Debug|Any CPU
		{4A98BB71-EBB2-4F5B-9C3C-2FDA98936616}.Debug|x64.ActiveCfg = Debug|Any CPU
		{4A98BB71-EBB2-4F5B-9C3C-2FDA98936616}.Debug|x64.Build.0 = Debug|Any CPU
		{4A98BB71-EBB2-4F5B-9C3C-2FDA98936616}.Debug|x86.ActiveCfg = Debug|Any CPU
		{4A98BB71-EBB2-4F5B-9C3C-2FDA98936616}.Debug|x86.Build.0 = Debug|Any CPU
		{4A98BB71-EBB2-4F5B-9C3C-2FDA98936616}.Release|Any CPU.ActiveCfg = Release|Any CPU
		{4A98BB71-EBB2-4F5B-9C3C-2FDA98936616}.Release|Any CPU.Build.0 = Release|Any CPU
		{4A98BB71-EBB2-4F5B-9C3C-2FDA98936616}.Release|x64.ActiveCfg = Release|Any CPU
		{4A98BB71-EBB2-4F5B-9C3C-2FDA98936616}.Release|x64.Build.0 = Release|Any CPU
		{4A98BB71-EBB2-4F5B-9C3C-2FDA98936616}.Release|x86.ActiveCfg = Release|Any CPU
		{4A98BB71-EBB2-4F5B-9C3C-2FDA98936616}.Release|x86.Build.0 = Release|Any CPU
		{80A4A881-9B7A-4B13-97B0-B8C0FED5129D}.Debug|Any CPU.ActiveCfg = Debug|Any CPU
		{80A4A881-9B7A-4B13-97B0-B8C0FED5129D}.Debug|Any CPU.Build.0 = Debug|Any CPU
		{80A4A881-9B7A-4B13-97B0-B8C0FED5129D}.Debug|x64.ActiveCfg = Debug|Any CPU
		{80A4A881-9B7A-4B13-97B0-B8C0FED5129D}.Debug|x64.Build.0 = Debug|Any CPU
		{80A4A881-9B7A-4B13-97B0-B8C0FED5129D}.Debug|x86.ActiveCfg = Debug|Any CPU
		{80A4A881-9B7A-4B13-97B0-B8C0FED5129D}.Debug|x86.Build.0 = Debug|Any CPU
		{80A4A881-9B7A-4B13-97B0-B8C0FED5129D}.Release|Any CPU.ActiveCfg = Release|Any CPU
		{80A4A881-9B7A-4B13-97B0-B8C0FED5129D}.Release|Any CPU.Build.0 = Release|Any CPU
		{80A4A881-9B7A-4B13-97B0-B8C0FED5129D}.Release|x64.ActiveCfg = Release|Any CPU
		{80A4A881-9B7A-4B13-97B0-B8C0FED5129D}.Release|x64.Build.0 = Release|Any CPU
		{80A4A881-9B7A-4B13-97B0-B8C0FED5129D}.Release|x86.ActiveCfg = Release|Any CPU
		{80A4A881-9B7A-4B13-97B0-B8C0FED5129D}.Release|x86.Build.0 = Release|Any CPU
		{A93742C5-B0AA-4ACA-B070-A6793BD810C7}.Debug|Any CPU.ActiveCfg = Debug|Any CPU
		{A93742C5-B0AA-4ACA-B070-A6793BD810C7}.Debug|Any CPU.Build.0 = Debug|Any CPU
		{A93742C5-B0AA-4ACA-B070-A6793BD810C7}.Debug|x64.ActiveCfg = Debug|Any CPU
		{A93742C5-B0AA-4ACA-B070-A6793BD810C7}.Debug|x64.Build.0 = Debug|Any CPU
		{A93742C5-B0AA-4ACA-B070-A6793BD810C7}.Debug|x86.ActiveCfg = Debug|Any CPU
		{A93742C5-B0AA-4ACA-B070-A6793BD810C7}.Debug|x86.Build.0 = Debug|Any CPU
		{A93742C5-B0AA-4ACA-B070-A6793BD810C7}.Release|Any CPU.ActiveCfg = Release|Any CPU
		{A93742C5-B0AA-4ACA-B070-A6793BD810C7}.Release|Any CPU.Build.0 = Release|Any CPU
		{A93742C5-B0AA-4ACA-B070-A6793BD810C7}.Release|x64.ActiveCfg = Release|Any CPU
		{A93742C5-B0AA-4ACA-B070-A6793BD810C7}.Release|x64.Build.0 = Release|Any CPU
		{A93742C5-B0AA-4ACA-B070-A6793BD810C7}.Release|x86.ActiveCfg = Release|Any CPU
		{A93742C5-B0AA-4ACA-B070-A6793BD810C7}.Release|x86.Build.0 = Release|Any CPU
	EndGlobalSection
	GlobalSection(SolutionProperties) = preSolution
		HideSolutionNode = FALSE
	EndGlobalSection
	GlobalSection(NestedProjects) = preSolution
		{9C66E999-6B4A-4A37-A52D-A73A45A2B276} = {F95593DE-1BAE-4011-868B-DB25C2CBC20E}
		{30C7929A-90B9-48DE-A435-FE1583299A18} = {F95593DE-1BAE-4011-868B-DB25C2CBC20E}
		{D584F1CC-DE8D-401D-BB97-3ED7EF3999E8} = {F95593DE-1BAE-4011-868B-DB25C2CBC20E}
		{DA1DEF89-AFAE-47D9-B5EE-D2F4D342F1FB} = {45F06066-E5C2-4120-BBB6-773F16086FDA}
		{4A98BB71-EBB2-4F5B-9C3C-2FDA98936616} = {45F06066-E5C2-4120-BBB6-773F16086FDA}
		{80A4A881-9B7A-4B13-97B0-B8C0FED5129D} = {45F06066-E5C2-4120-BBB6-773F16086FDA}
		{A93742C5-B0AA-4ACA-B070-A6793BD810C7} = {D9638029-E06E-465B-B90A-FF931AAE08FE}
	EndGlobalSection
	GlobalSection(ExtensibilityGlobals) = postSolution
		SolutionGuid = {5750E9DB-FFBA-4061-8CB5-31F05882532D}
	EndGlobalSection
EndGlobal
